
Microsoft Visual Studio Solution File, Format Version 12.00
# Visual Studio Version 17
VisualStudioVersion = 17.0.31717.71
MinimumVisualStudioVersion = 10.0.40219.1
Project("{9A19103F-16F7-4668-BE54-9A1E7A4F7556}") = "HashtablePerformanceTest", "HashtablePerformanceTest\HashtablePerformanceTest.csproj", "{41E4946D-0FED-4888-86A1-11215CE0F295}"
EndProject
Project("{FAE04EC0-301F-11D3-BF4B-00C04F79EFBC}") = "HashtablePerformance.Target", "HashtablePerformance.Target\HashtablePerformance.Target.csproj", "{44FD0A48-67AF-4C4B-8476-5B9AA02C6FCB}"
EndProject
Global
	GlobalSection(SolutionConfigurationPlatforms) = preSolution
		Debug|Any CPU = Debug|Any CPU
		Release|Any CPU = Release|Any CPU
	EndGlobalSection
	GlobalSection(ProjectConfigurationPlatforms) = postSolution
		{41E4946D-0FED-4888-86A1-11215CE0F295}.Debug|Any CPU.ActiveCfg = Debug|Any CPU
		{41E4946D-0FED-4888-86A1-11215CE0F295}.Debug|Any CPU.Build.0 = Debug|Any CPU
		{41E4946D-0FED-4888-86A1-11215CE0F295}.Release|Any CPU.ActiveCfg = Release|Any CPU
		{41E4946D-0FED-4888-86A1-11215CE0F295}.Release|Any CPU.Build.0 = Release|Any CPU
		{44FD0A48-67AF-4C4B-8476-5B9AA02C6FCB}.Debug|Any CPU.ActiveCfg = Debug|Any CPU
		{44FD0A48-67AF-4C4B-8476-5B9AA02C6FCB}.Debug|Any CPU.Build.0 = Debug|Any CPU
		{44FD0A48-67AF-4C4B-8476-5B9AA02C6FCB}.Release|Any CPU.ActiveCfg = Release|Any CPU
		{44FD0A48-67AF-4C4B-8476-5B9AA02C6FCB}.Release|Any CPU.Build.0 = Release|Any CPU
	EndGlobalSection
	GlobalSection(SolutionProperties) = preSolution
		HideSolutionNode = FALSE
	EndGlobalSection
	GlobalSection(ExtensibilityGlobals) = postSolution
		SolutionGuid = {8E01F308-D8E0-46D9-ACA4-6694A20670FE}
	EndGlobalSection
EndGlobal
